// !$*UTF8*$!
{
	archiveVersion = 1;
	classes = {
	};
	objectVersion = 46;
	objects = {

/* Begin PBXBuildFile section */
		7C643DEF1A98E1E600B3D166 /* main.c in Sources */ = {isa = PBXBuildFile; fileRef = 7C643DEE1A98E1E600B3D166 /* main.c */; };
		7C643DF71A991CCC00B3D166 /* sorted-list.c in Sources */ = {isa = PBXBuildFile; fileRef = 7C643DF61A991CCC00B3D166 /* sorted-list.c */; };
/* End PBXBuildFile section */

/* Begin PBXCopyFilesBuildPhase section */
		7C643DE91A98E1E600B3D166 /* CopyFiles */ = {
			isa = PBXCopyFilesBuildPhase;
			buildActionMask = 2147483647;
			dstPath = /usr/share/man/man1/;
			dstSubfolderSpec = 0;
			files = (
			);
			runOnlyForDeploymentPostprocessing = 1;
		};
/* End PBXCopyFilesBuildPhase section */

/* Begin PBXFileReference section */
		7C643DEB1A98E1E600B3D166 /* SortedList */ = {isa = PBXFileReference; explicitFileType = "compiled.mach-o.executable"; includeInIndex = 0; path = SortedList; sourceTree = BUILT_PRODUCTS_DIR; };
		7C643DEE1A98E1E600B3D166 /* main.c */ = {isa = PBXFileReference; lastKnownFileType = sourcecode.c.c; path = main.c; sourceTree = "<group>"; };
		7C643DF51A98FCC400B3D166 /* sorted-list.h */ = {isa = PBXFileReference; fileEncoding = 4; lastKnownFileType = sourcecode.c.h; path = "sorted-list.h"; sourceTree = "<group>"; };
		7C643DF61A991CCC00B3D166 /* sorted-list.c */ = {isa = PBXFileReference; fileEncoding = 4; lastKnownFileType = sourcecode.c.c; path = "sorted-list.c"; sourceTree = "<group>"; };
/* End PBXFileReference section */

/* Begin PBXFrameworksBuildPhase section */
		7C643DE81A98E1E600B3D166 /* Frameworks */ = {
			isa = PBXFrameworksBuildPhase;
			buildActionMask = 2147483647;
			files = (
			);
			runOnlyForDeploymentPostprocessing = 0;
		};
/* End PBXFrameworksBuildPhase section */

/* Begin PBXGroup section */
		7C643DE21A98E1E500B3D166 = {
			isa = PBXGroup;
			children = (
				7C643DED1A98E1E600B3D166 /* SortedList */,
				7C643DEC1A98E1E600B3D166 /* Products */,
			);
			sourceTree = "<group>";
		};
		7C643DEC1A98E1E600B3D166 /* Products */ = {
			isa = PBXGroup;
			children = (
				7C643DEB1A98E1E600B3D166 /* SortedList */,
			);
			name = Products;
			sourceTree = "<group>";
		};
		7C643DED1A98E1E600B3D166 /* SortedList */ = {
			isa = PBXGroup;
			children = (
				7C643DEE1A98E1E600B3D166 /* main.c */,
				7C643DF51A98FCC400B3D166 /* sorted-list.h */,
				7C643DF61A991CCC00B3D166 /* sorted-list.c */,
			);
			path = SortedList;
			sourceTree = "<group>";
		};
/* End PBXGroup section */

/* Begin PBXNativeTarget section */
		7C643DEA1A98E1E600B3D166 /* SortedList */ = {
			isa = PBXNativeTarget;
			buildConfigurationList = 7C643DF21A98E1E600B3D166 /* Build configuration list for PBXNativeTarget "SortedList" */;
			buildPhases = (
				7C643DE71A98E1E600B3D166 /* Sources */,
				7C643DE81A98E1E600B3D166 /* Frameworks */,
				7C643DE91A98E1E600B3D166 /* CopyFiles */,
			);
			buildRules = (
			);
			dependencies = (
			);
			name = SortedList;
			productName = SortedList;
			productReference = 7C643DEB1A98E1E600B3D166 /* SortedList */;
			productType = "com.apple.product-type.tool";
		};
/* End PBXNativeTarget section */

/* Begin PBXProject section */
		7C643DE31A98E1E500B3D166 /* Project object */ = {
			isa = PBXProject;
			attributes = {
				LastUpgradeCheck = 0610;
				ORGANIZATIONNAME = "Joseph DeVita";
				TargetAttributes = {
					7C643DEA1A98E1E600B3D166 = {
						CreatedOnToolsVersion = 6.1.1;
					};
				};
			};
			buildConfigurationList = 7C643DE61A98E1E500B3D166 /* Build configuration list for PBXProject "SortedList" */;
			compatibilityVersion = "Xcode 3.2";
			developmentRegion = English;
			hasScannedForEncodings = 0;
			knownRegions = (
				en,
			);
			mainGroup = 7C643DE21A98E1E500B3D166;
			productRefGroup = 7C643DEC1A98E1E600B3D166 /* Products */;
			projectDirPath = "";
			projectRoot = "";
			targets = (
				7C643DEA1A98E1E600B3D166 /* SortedList */,
			);
		};
/* End PBXProject section */

/* Begin PBXSourcesBuildPhase section */
		7C643DE71A98E1E600B3D166 /* Sources */ = {
			isa = PBXSourcesBuildPhase;
			buildActionMask = 2147483647;
			files = (
				7C643DF71A991CCC00B3D166 /* sorted-list.c in Sources */,
				7C643DEF1A98E1E600B3D166 /* main.c in Sources */,
			);
			runOnlyForDeploymentPostprocessing = 0;
		};
/* End PBXSourcesBuildPhase section */

/* Begin XCBuildConfiguration section */
		7C643DF01A98E1E600B3D166 /* Debug */ = {
			isa = XCBuildConfiguration;
			buildSettings = {
				ALWAYS_SEARCH_USER_PATHS = NO;
				CLANG_CXX_LANGUAGE_STANDARD = "gnu++0x";
				CLANG_CXX_LIBRARY = "libc++";
				CLANG_ENABLE_MODULES = YES;
				CLANG_ENABLE_OBJC_ARC = YES;
				CLANG_WARN_BOOL_CONVERSION = YES;
				CLANG_WARN_CONSTANT_CONVERSION = YES;
				CLANG_WARN_DIRECT_OBJC_ISA_USAGE = YES_ERROR;
				CLANG_WARN_EMPTY_BODY = YES;
				CLANG_WARN_ENUM_CONVERSION = YES;
				CLANG_WARN_INT_CONVERSION = YES;
				CLANG_WARN_OBJC_ROOT_CLASS = YES_ERROR;
				CLANG_WARN_UNREACHABLE_CODE = YES;
				CLANG_WARN__DUPLICATE_METHOD_MATCH = YES;
				COPY_PHASE_STRIP = NO;
				ENABLE_STRICT_OBJC_MSGSEND = YES;
				GCC_C_LANGUAGE_STANDARD = gnu99;
				GCC_DYNAMIC_NO_PIC = NO;
				GCC_OPTIMIZATION_LEVEL = 0;
				GCC_PREPROCESSOR_DEFINITIONS = (
					"DEBUG=1",
					"$(inherited)",
				);
				GCC_SYMBOLS_PRIVATE_EXTERN = NO;
				GCC_WARN_64_TO_32_BIT_CONVERSION = YES;
				GCC_WARN_ABOUT_RETURN_TYPE = YES_ERROR;
				GCC_WARN_UNDECLARED_SELECTOR = YES;
				GCC_WARN_UNINITIALIZED_AUTOS = YES_AGGRESSIVE;
				GCC_WARN_UNUSED_FUNCTION = YES;
				GCC_WARN_UNUSED_VARIABLE = YES;
				MACOSX_DEPLOYMENT_TARGET = 10.10;
				MTL_ENABLE_DEBUG_INFO = YES;
				ONLY_ACTIVE_ARCH = YES;
				SDKROOT = macosx;
			};
			name = Debug;
		};
		7C643DF11A98E1E600B3D166 /* Release */ = {
			isa = XCBuildConfiguration;
			buildSettings = {
				ALWAYS_SEARCH_USER_PATHS = NO;
				CLANG_CXX_LANGUAGE_STANDARD = "gnu++0x";
				CLANG_CXX_LIBRARY = "libc++";
				CLANG_ENABLE_MODULES = YES;
				CLANG_ENABLE_OBJC_ARC = YES;
				CLANG_WARN_BOOL_CONVERSION = YES;
				CLANG_WARN_CONSTANT_CONVERSION = YES;
				CLANG_WARN_DIRECT_OBJC_ISA_USAGE = YES_ERROR;
				CLANG_WARN_EMPTY_BODY = YES;
				CLANG_WARN_ENUM_CONVERSION = YES;
				CLANG_WARN_INT_CONVERSION = YES;
				CLANG_WARN_OBJC_ROOT_CLASS = YES_ERROR;
				CLANG_WARN_UNREACHABLE_CODE = YES;
				CLANG_WARN__DUPLICATE_METHOD_MATCH = YES;
				COPY_PHASE_STRIP = YES;
				DEBUG_INFORMATION_FORMAT = "dwarf-with-dsym";
				ENABLE_NS_ASSERTIONS = NO;
				ENABLE_STRICT_OBJC_MSGSEND = YES;
				GCC_C_LANGUAGE_STANDARD = gnu99;
				GCC_WARN_64_TO_32_BIT_CONVERSION = YES;
				GCC_WARN_ABOUT_RETURN_TYPE = YES_ERROR;
				GCC_WARN_UNDECLARED_SELECTOR = YES;
				GCC_WARN_UNINITIALIZED_AUTOS = YES_AGGRESSIVE;
				GCC_WARN_UNUSED_FUNCTION = YES;
				GCC_WARN_UNUSED_VARIABLE = YES;
				MACOSX_DEPLOYMENT_TARGET = 10.10;
				MTL_ENABLE_DEBUG_INFO = NO;
				SDKROOT = macosx;
			};
			name = Release;
		};
		7C643DF31A98E1E600B3D166 /* Debug */ = {
			isa = XCBuildConfiguration;
			buildSettings = {
				PRODUCT_NAME = "$(TARGET_NAME)";
			};
			name = Debug;
		};
		7C643DF41A98E1E600B3D166 /* Release */ = {
			isa = XCBuildConfiguration;
			buildSettings = {
				PRODUCT_NAME = "$(TARGET_NAME)";
			};
			name = Release;
		};
/* End XCBuildConfiguration section */

/* Begin XCConfigurationList section */
		7C643DE61A98E1E500B3D166 /* Build configuration list for PBXProject "SortedList" */ = {
			isa = XCConfigurationList;
			buildConfigurations = (
				7C643DF01A98E1E600B3D166 /* Debug */,
				7C643DF11A98E1E600B3D166 /* Release */,
			);
			defaultConfigurationIsVisible = 0;
			defaultConfigurationName = Release;
		};
		7C643DF21A98E1E600B3D166 /* Build configuration list for PBXNativeTarget "SortedList" */ = {
			isa = XCConfigurationList;
			buildConfigurations = (
				7C643DF31A98E1E600B3D166 /* Debug */,
				7C643DF41A98E1E600B3D166 /* Release */,
			);
			defaultConfigurationIsVisible = 0;
		};
/* End XCConfigurationList section */
	};
	rootObject = 7C643DE31A98E1E500B3D166 /* Project object */;
}
